PODS:
  - Alamofire (5.4.0)
  - HandyRequest (0.0.2):
    - Moya (~> 14.0.0)
    - ObjectMapper (~> 4.2.0)
    - RxSwift (~> 5.1.1)
    - SwiftyJSON (~> 5.0)
  - Moya (14.0.0):
    - Moya/Core (= 14.0.0)
  - Moya/Core (14.0.0):
    - Alamofire (~> 5.0)
  - ObjectMapper (4.2.0)
  - RxSwift (5.1.1)
  - SwiftyJSON (5.0.0)

DEPENDENCIES:
  - HandyRequest (from `../`)

SPEC REPOS:
  trunk:
    - Alamofire
    - Moya
    - ObjectMapper
    - RxSwift
    - SwiftyJSON

EXTERNAL SOURCES:
  HandyRequest:
    :path: "../"

SPEC CHECKSUMS:
  Alamofire: 3b6a534a3df22db367e4dedeeca73d1ddfcf0e2f
  HandyRequest: 27dda174cbe1dc83ec6c4f68e4929f266be205d4
  Moya: 5b45dacb75adb009f97fde91c204c1e565d31916
  ObjectMapper: 1eb41f610210777375fa806bf161dc39fb832b81
  RxSwift: 81470a2074fa8780320ea5fe4102807cb7118178
  SwiftyJSON: 36413e04c44ee145039d332b4f4e2d3e8d6c4db7

PODFILE CHECKSUM: 00758e3995e36067a45ad62130aaa4bd2fdfbdd6

COCOAPODS: 1.10.0
