PODS:
  - Alamofire (5.6.2)
  - HandyRequest (0.0.4):
    - Moya (~> 15.0.0)
    - RxSwift (~> 6.5.0)
    - SwiftyJSON (~> 5.0.1)
  - Moya (15.0.0):
    - Moya/Core (= 15.0.0)
  - Moya/Core (15.0.0):
    - Alamofire (~> 5.0)
  - RxSwift (6.5.0)
  - SwiftyJSON (5.0.1)

DEPENDENCIES:
  - HandyRequest (from `../`)

SPEC REPOS:
  trunk:
    - Alamofire
    - Moya
    - RxSwift
    - SwiftyJSON

EXTERNAL SOURCES:
  HandyRequest:
    :path: "../"

SPEC CHECKSUMS:
  Alamofire: d368e1ff8a298e6dde360e35a3e68e6c610e7204
  HandyRequest: acd57c8c0fd010aa9c6e802baa2ffe2641cff46c
  Moya: 138f0573e53411fb3dc17016add0b748dfbd78ee
  RxSwift: 5710a9e6b17f3c3d6e40d6e559b9fa1e813b2ef8
  SwiftyJSON: 2f33a42c6fbc52764d96f13368585094bfd8aa5e

PODFILE CHECKSUM: 00758e3995e36067a45ad62130aaa4bd2fdfbdd6

COCOAPODS: 1.11.3
